// !$*UTF8*$!
{
	archiveVersion = 1;
	classes = {
	};
	objectVersion = 52;
	objects = {

/* Begin PBXBuildFile section */
		F31CA27B25B8197C00486FFA /* BGKeyboardDimensions.swift in Sources */ = {isa = PBXBuildFile; fileRef = F31CA27A25B8197C00486FFA /* BGKeyboardDimensions.swift */; };
		F355EE3E25DBAED000DECD1C /* MockingKit in Frameworks */ = {isa = PBXBuildFile; productRef = F355EE3D25DBAED000DECD1C /* MockingKit */; };
		F355EE4A25DBAF8A00DECD1C /* MockKeyboardInputViewController.swift in Sources */ = {isa = PBXBuildFile; fileRef = F355EE4225DBAF8900DECD1C /* MockKeyboardInputViewController.swift */; };
		F355EE4B25DBAF8A00DECD1C /* MockKeyboardContext.swift in Sources */ = {isa = PBXBuildFile; fileRef = F355EE4325DBAF8900DECD1C /* MockKeyboardContext.swift */; };
		F355EE4C25DBAF8A00DECD1C /* MockInputViewController.swift in Sources */ = {isa = PBXBuildFile; fileRef = F355EE4425DBAF8900DECD1C /* MockInputViewController.swift */; };
		F355EE4D25DBAF8A00DECD1C /* MockCollectionViewLayout.swift in Sources */ = {isa = PBXBuildFile; fileRef = F355EE4525DBAF8A00DECD1C /* MockCollectionViewLayout.swift */; };
		F355EE4E25DBAF8A00DECD1C /* MockFrequentEmojiProvider.swift in Sources */ = {isa = PBXBuildFile; fileRef = F355EE4625DBAF8A00DECD1C /* MockFrequentEmojiProvider.swift */; };
		F355EE4F25DBAF8A00DECD1C /* MockDevice.swift in Sources */ = {isa = PBXBuildFile; fileRef = F355EE4725DBAF8A00DECD1C /* MockDevice.swift */; };
		F355EE5025DBAF8A00DECD1C /* MockKeyboardInputSetProvider.swift in Sources */ = {isa = PBXBuildFile; fileRef = F355EE4825DBAF8A00DECD1C /* MockKeyboardInputSetProvider.swift */; };
		F355EE5125DBAF8A00DECD1C /* MockKeyboardActionHandler.swift in Sources */ = {isa = PBXBuildFile; fileRef = F355EE4925DBAF8A00DECD1C /* MockKeyboardActionHandler.swift */; };
		F355EE5D25DBC56800DECD1C /* KeyboardKit in Frameworks */ = {isa = PBXBuildFile; productRef = F355EE5C25DBC56800DECD1C /* KeyboardKit */; };
		F357BA4225AD6B040019D597 /* BGApp.swift in Sources */ = {isa = PBXBuildFile; fileRef = F357BA4125AD6B040019D597 /* BGApp.swift */; };
		F357BA4425AD6B040019D597 /* ContentView.swift in Sources */ = {isa = PBXBuildFile; fileRef = F357BA4325AD6B040019D597 /* ContentView.swift */; };
		F357BA4625AD6B0B0019D597 /* Assets.xcassets in Resources */ = {isa = PBXBuildFile; fileRef = F357BA4525AD6B0B0019D597 /* Assets.xcassets */; };
		F357BA4925AD6B0B0019D597 /* Preview Assets.xcassets in Resources */ = {isa = PBXBuildFile; fileRef = F357BA4825AD6B0B0019D597 /* Preview Assets.xcassets */; };
		F357BA5825AD6D530019D597 /* BGKeyboardViewController.swift in Sources */ = {isa = PBXBuildFile; fileRef = F357BA5725AD6D530019D597 /* BGKeyboardViewController.swift */; };
		F357BA5C25AD6D530019D597 /* Keyboard.appex in Embed App Extensions */ = {isa = PBXBuildFile; fileRef = F357BA5525AD6D520019D597 /* Keyboard.appex */; settings = {ATTRIBUTES = (RemoveHeadersOnCopy, ); }; };
		F357BAAC25AD77620019D597 /* KeyboardKit in Frameworks */ = {isa = PBXBuildFile; productRef = F357BAAB25AD77620019D597 /* KeyboardKit */; };
		F36CDC0E25B01285003D0D22 /* BGAutocompleteToolbar.swift in Sources */ = {isa = PBXBuildFile; fileRef = F36CDC0D25B01284003D0D22 /* BGAutocompleteToolbar.swift */; };
		F36D33F325B588FF00C5BE64 /* BGSystemKeyboardReturnButtonContent.swift in Sources */ = {isa = PBXBuildFile; fileRef = F36D33F225B588FF00C5BE64 /* BGSystemKeyboardReturnButtonContent.swift */; };
		F383245925AE83180004A46B /* BGKeyboardInputSetProvider.swift in Sources */ = {isa = PBXBuildFile; fileRef = F383245725AE83180004A46B /* BGKeyboardInputSetProvider.swift */; };
		F383245E25AEA4900004A46B /* BGSecondaryCalloutActionProvider.swift in Sources */ = {isa = PBXBuildFile; fileRef = F383245C25AEA48F0004A46B /* BGSecondaryCalloutActionProvider.swift */; };
		F3ED260625B29CBF009F4654 /* BGKeyboardView.swift in Sources */ = {isa = PBXBuildFile; fileRef = F3ED260525B29CBF009F4654 /* BGKeyboardView.swift */; };
		F3ED261425B29E4E009F4654 /* BGKeyboardActionHandler.swift in Sources */ = {isa = PBXBuildFile; fileRef = F3ED261325B29E4E009F4654 /* BGKeyboardActionHandler.swift */; };
		F3ED261A25B29F18009F4654 /* BGAutocompleteSuggestionProvider.swift in Sources */ = {isa = PBXBuildFile; fileRef = F3ED261925B29F18009F4654 /* BGAutocompleteSuggestionProvider.swift */; };
		F3ED262025B29F70009F4654 /* BGKeyboardAppearanceProvider.swift in Sources */ = {isa = PBXBuildFile; fileRef = F3ED261F25B29F70009F4654 /* BGKeyboardAppearanceProvider.swift */; };
		F3FAFCF325AD9DC100380F77 /* KeyboardContent.swift in Sources */ = {isa = PBXBuildFile; fileRef = F3FAFCF225AD9DC100380F77 /* KeyboardContent.swift */; };
/* End PBXBuildFile section */

/* Begin PBXContainerItemProxy section */
		F357BA5A25AD6D530019D597 /* PBXContainerItemProxy */ = {
			isa = PBXContainerItemProxy;
			containerPortal = F357BA3625AD6B030019D597 /* Project object */;
			proxyType = 1;
			remoteGlobalIDString = F357BA5425AD6D520019D597;
			remoteInfo = Keyboard;
		};
/* End PBXContainerItemProxy section */

/* Begin PBXCopyFilesBuildPhase section */
		F357BA6025AD6D530019D597 /* Embed App Extensions */ = {
			isa = PBXCopyFilesBuildPhase;
			buildActionMask = 2147483647;
			dstPath = "";
			dstSubfolderSpec = 13;
			files = (
				F357BA5C25AD6D530019D597 /* Keyboard.appex in Embed App Extensions */,
			);
			name = "Embed App Extensions";
			runOnlyForDeploymentPostprocessing = 0;
		};
/* End PBXCopyFilesBuildPhase section */

/* Begin PBXFileReference section */
		F31CA27A25B8197C00486FFA /* BGKeyboardDimensions.swift */ = {isa = PBXFileReference; lastKnownFileType = sourcecode.swift; path = BGKeyboardDimensions.swift; sourceTree = "<group>"; };
		F355EE4225DBAF8900DECD1C /* MockKeyboardInputViewController.swift */ = {isa = PBXFileReference; fileEncoding = 4; lastKnownFileType = sourcecode.swift; path = MockKeyboardInputViewController.swift; sourceTree = "<group>"; };
		F355EE4325DBAF8900DECD1C /* MockKeyboardContext.swift */ = {isa = PBXFileReference; fileEncoding = 4; lastKnownFileType = sourcecode.swift; path = MockKeyboardContext.swift; sourceTree = "<group>"; };
		F355EE4425DBAF8900DECD1C /* MockInputViewController.swift */ = {isa = PBXFileReference; fileEncoding = 4; lastKnownFileType = sourcecode.swift; path = MockInputViewController.swift; sourceTree = "<group>"; };
		F355EE4525DBAF8A00DECD1C /* MockCollectionViewLayout.swift */ = {isa = PBXFileReference; fileEncoding = 4; lastKnownFileType = sourcecode.swift; path = MockCollectionViewLayout.swift; sourceTree = "<group>"; };
		F355EE4625DBAF8A00DECD1C /* MockFrequentEmojiProvider.swift */ = {isa = PBXFileReference; fileEncoding = 4; lastKnownFileType = sourcecode.swift; path = MockFrequentEmojiProvider.swift; sourceTree = "<group>"; };
		F355EE4725DBAF8A00DECD1C /* MockDevice.swift */ = {isa = PBXFileReference; fileEncoding = 4; lastKnownFileType = sourcecode.swift; path = MockDevice.swift; sourceTree = "<group>"; };
		F355EE4825DBAF8A00DECD1C /* MockKeyboardInputSetProvider.swift */ = {isa = PBXFileReference; fileEncoding = 4; lastKnownFileType = sourcecode.swift; path = MockKeyboardInputSetProvider.swift; sourceTree = "<group>"; };
		F355EE4925DBAF8A00DECD1C /* MockKeyboardActionHandler.swift */ = {isa = PBXFileReference; fileEncoding = 4; lastKnownFileType = sourcecode.swift; path = MockKeyboardActionHandler.swift; sourceTree = "<group>"; };
		F357BA3E25AD6B040019D597 /* Bord-iuchrach Gaidhlig.app */ = {isa = PBXFileReference; explicitFileType = wrapper.application; includeInIndex = 0; path = "Bord-iuchrach Gaidhlig.app"; sourceTree = BUILT_PRODUCTS_DIR; };
		F357BA4125AD6B040019D597 /* BGApp.swift */ = {isa = PBXFileReference; lastKnownFileType = sourcecode.swift; path = BGApp.swift; sourceTree = "<group>"; };
		F357BA4325AD6B040019D597 /* ContentView.swift */ = {isa = PBXFileReference; lastKnownFileType = sourcecode.swift; path = ContentView.swift; sourceTree = "<group>"; };
		F357BA4525AD6B0B0019D597 /* Assets.xcassets */ = {isa = PBXFileReference; lastKnownFileType = folder.assetcatalog; path = Assets.xcassets; sourceTree = "<group>"; };
		F357BA4825AD6B0B0019D597 /* Preview Assets.xcassets */ = {isa = PBXFileReference; lastKnownFileType = folder.assetcatalog; path = "Preview Assets.xcassets"; sourceTree = "<group>"; };
		F357BA4A25AD6B0B0019D597 /* Info.plist */ = {isa = PBXFileReference; lastKnownFileType = text.plist.xml; path = Info.plist; sourceTree = "<group>"; };
		F357BA5525AD6D520019D597 /* Keyboard.appex */ = {isa = PBXFileReference; explicitFileType = "wrapper.app-extension"; includeInIndex = 0; path = Keyboard.appex; sourceTree = BUILT_PRODUCTS_DIR; };
		F357BA5725AD6D530019D597 /* BGKeyboardViewController.swift */ = {isa = PBXFileReference; lastKnownFileType = sourcecode.swift; path = BGKeyboardViewController.swift; sourceTree = "<group>"; };
		F357BA5925AD6D530019D597 /* Info.plist */ = {isa = PBXFileReference; lastKnownFileType = text.plist.xml; path = Info.plist; sourceTree = "<group>"; };
		F36CDC0D25B01284003D0D22 /* BGAutocompleteToolbar.swift */ = {isa = PBXFileReference; lastKnownFileType = sourcecode.swift; path = BGAutocompleteToolbar.swift; sourceTree = "<group>"; };
		F36D33F225B588FF00C5BE64 /* BGSystemKeyboardReturnButtonContent.swift */ = {isa = PBXFileReference; fileEncoding = 4; lastKnownFileType = sourcecode.swift; path = BGSystemKeyboardReturnButtonContent.swift; sourceTree = "<group>"; };
		F372C06E25B92263009AACEE /* Keyboard Picture.png */ = {isa = PBXFileReference; lastKnownFileType = image.png; path = "Keyboard Picture.png"; sourceTree = "<group>"; };
		F383245725AE83180004A46B /* BGKeyboardInputSetProvider.swift */ = {isa = PBXFileReference; lastKnownFileType = sourcecode.swift; path = BGKeyboardInputSetProvider.swift; sourceTree = "<group>"; };
		F383245C25AEA48F0004A46B /* BGSecondaryCalloutActionProvider.swift */ = {isa = PBXFileReference; lastKnownFileType = sourcecode.swift; path = BGSecondaryCalloutActionProvider.swift; sourceTree = "<group>"; };
		F3ED260525B29CBF009F4654 /* BGKeyboardView.swift */ = {isa = PBXFileReference; fileEncoding = 4; lastKnownFileType = sourcecode.swift; path = BGKeyboardView.swift; sourceTree = "<group>"; };
		F3ED261325B29E4E009F4654 /* BGKeyboardActionHandler.swift */ = {isa = PBXFileReference; fileEncoding = 4; lastKnownFileType = sourcecode.swift; path = BGKeyboardActionHandler.swift; sourceTree = "<group>"; };
		F3ED261925B29F18009F4654 /* BGAutocompleteSuggestionProvider.swift */ = {isa = PBXFileReference; fileEncoding = 4; lastKnownFileType = sourcecode.swift; path = BGAutocompleteSuggestionProvider.swift; sourceTree = "<group>"; };
		F3ED261F25B29F70009F4654 /* BGKeyboardAppearanceProvider.swift */ = {isa = PBXFileReference; fileEncoding = 4; lastKnownFileType = sourcecode.swift; path = BGKeyboardAppearanceProvider.swift; sourceTree = "<group>"; };
		F3FAFCF225AD9DC100380F77 /* KeyboardContent.swift */ = {isa = PBXFileReference; lastKnownFileType = sourcecode.swift; path = KeyboardContent.swift; sourceTree = "<group>"; };
/* End PBXFileReference section */

/* Begin PBXFrameworksBuildPhase section */
		F357BA3B25AD6B040019D597 /* Frameworks */ = {
			isa = PBXFrameworksBuildPhase;
			buildActionMask = 2147483647;
			files = (
				F357BAAC25AD77620019D597 /* KeyboardKit in Frameworks */,
			);
			runOnlyForDeploymentPostprocessing = 0;
		};
		F357BA5225AD6D520019D597 /* Frameworks */ = {
			isa = PBXFrameworksBuildPhase;
			buildActionMask = 2147483647;
			files = (
				F355EE5D25DBC56800DECD1C /* KeyboardKit in Frameworks */,
				F355EE3E25DBAED000DECD1C /* MockingKit in Frameworks */,
			);
			runOnlyForDeploymentPostprocessing = 0;
		};
/* End PBXFrameworksBuildPhase section */

/* Begin PBXGroup section */
		F355EE3925DBA92200DECD1C /* Frameworks */ = {
			isa = PBXGroup;
			children = (
			);
			name = Frameworks;
			sourceTree = "<group>";
		};
		F355EE4125DBAF3D00DECD1C /* Mocks */ = {
			isa = PBXGroup;
			children = (
				F355EE4525DBAF8A00DECD1C /* MockCollectionViewLayout.swift */,
				F355EE4725DBAF8A00DECD1C /* MockDevice.swift */,
				F355EE4625DBAF8A00DECD1C /* MockFrequentEmojiProvider.swift */,
				F355EE4425DBAF8900DECD1C /* MockInputViewController.swift */,
				F355EE4925DBAF8A00DECD1C /* MockKeyboardActionHandler.swift */,
				F355EE4325DBAF8900DECD1C /* MockKeyboardContext.swift */,
				F355EE4825DBAF8A00DECD1C /* MockKeyboardInputSetProvider.swift */,
				F355EE4225DBAF8900DECD1C /* MockKeyboardInputViewController.swift */,
			);
			path = Mocks;
			sourceTree = "<group>";
		};
		F357BA3525AD6B030019D597 = {
			isa = PBXGroup;
			children = (
				F372C06D25B921FC009AACEE /* Resources */,
				F357BA4025AD6B040019D597 /* Bord-iuchrach Gaidhlig */,
				F357BA5625AD6D530019D597 /* Keyboard */,
				F357BA3F25AD6B040019D597 /* Products */,
				F355EE3925DBA92200DECD1C /* Frameworks */,
			);
			sourceTree = "<group>";
		};
		F357BA3F25AD6B040019D597 /* Products */ = {
			isa = PBXGroup;
			children = (
				F357BA3E25AD6B040019D597 /* Bord-iuchrach Gaidhlig.app */,
				F357BA5525AD6D520019D597 /* Keyboard.appex */,
			);
			name = Products;
			sourceTree = "<group>";
		};
		F357BA4025AD6B040019D597 /* Bord-iuchrach Gaidhlig */ = {
			isa = PBXGroup;
			children = (
				F357BA4125AD6B040019D597 /* BGApp.swift */,
				F357BA4325AD6B040019D597 /* ContentView.swift */,
				F357BA4525AD6B0B0019D597 /* Assets.xcassets */,
				F357BA4A25AD6B0B0019D597 /* Info.plist */,
				F357BA4725AD6B0B0019D597 /* Preview Content */,
			);
			path = "Bord-iuchrach Gaidhlig";
			sourceTree = "<group>";
		};
		F357BA4725AD6B0B0019D597 /* Preview Content */ = {
			isa = PBXGroup;
			children = (
				F357BA4825AD6B0B0019D597 /* Preview Assets.xcassets */,
			);
			path = "Preview Content";
			sourceTree = "<group>";
		};
		F357BA5625AD6D530019D597 /* Keyboard */ = {
			isa = PBXGroup;
			children = (
				F372C06525B904CC009AACEE /* Views */,
				F372C06225B904AD009AACEE /* Providers */,
				F357BA5725AD6D530019D597 /* BGKeyboardViewController.swift */,
				F3ED261325B29E4E009F4654 /* BGKeyboardActionHandler.swift */,
				F31CA27A25B8197C00486FFA /* BGKeyboardDimensions.swift */,
				F355EE4125DBAF3D00DECD1C /* Mocks */,
				F357BA5925AD6D530019D597 /* Info.plist */,
			);
			path = Keyboard;
			sourceTree = "<group>";
		};
		F372C06225B904AD009AACEE /* Providers */ = {
			isa = PBXGroup;
			children = (
				F383245C25AEA48F0004A46B /* BGSecondaryCalloutActionProvider.swift */,
				F383245725AE83180004A46B /* BGKeyboardInputSetProvider.swift */,
				F3ED261F25B29F70009F4654 /* BGKeyboardAppearanceProvider.swift */,
				F3ED261925B29F18009F4654 /* BGAutocompleteSuggestionProvider.swift */,
			);
			path = Providers;
			sourceTree = "<group>";
		};
		F372C06525B904CC009AACEE /* Views */ = {
			isa = PBXGroup;
			children = (
				F3ED260525B29CBF009F4654 /* BGKeyboardView.swift */,
				F36D33F225B588FF00C5BE64 /* BGSystemKeyboardReturnButtonContent.swift */,
				F36CDC0D25B01284003D0D22 /* BGAutocompleteToolbar.swift */,
				F3FAFCF225AD9DC100380F77 /* KeyboardContent.swift */,
			);
			path = Views;
			sourceTree = "<group>";
		};
		F372C06D25B921FC009AACEE /* Resources */ = {
			isa = PBXGroup;
			children = (
				F372C06E25B92263009AACEE /* Keyboard Picture.png */,
			);
			path = Resources;
			sourceTree = "<group>";
		};
/* End PBXGroup section */

/* Begin PBXNativeTarget section */
		F357BA3D25AD6B040019D597 /* Bord-iuchrach Gaidhlig */ = {
			isa = PBXNativeTarget;
			buildConfigurationList = F357BA4D25AD6B0B0019D597 /* Build configuration list for PBXNativeTarget "Bord-iuchrach Gaidhlig" */;
			buildPhases = (
				F357BA3A25AD6B040019D597 /* Sources */,
				F357BA3B25AD6B040019D597 /* Frameworks */,
				F357BA3C25AD6B040019D597 /* Resources */,
				F357BA6025AD6D530019D597 /* Embed App Extensions */,
			);
			buildRules = (
			);
			dependencies = (
				F357BA5B25AD6D530019D597 /* PBXTargetDependency */,
			);
			name = "Bord-iuchrach Gaidhlig";
			packageProductDependencies = (
				F357BAAB25AD77620019D597 /* KeyboardKit */,
			);
			productName = "Bord-iuchrach Gaidhlig";
			productReference = F357BA3E25AD6B040019D597 /* Bord-iuchrach Gaidhlig.app */;
			productType = "com.apple.product-type.application";
		};
		F357BA5425AD6D520019D597 /* Keyboard */ = {
			isa = PBXNativeTarget;
			buildConfigurationList = F357BA5D25AD6D530019D597 /* Build configuration list for PBXNativeTarget "Keyboard" */;
			buildPhases = (
				F357BA5125AD6D520019D597 /* Sources */,
				F357BA5225AD6D520019D597 /* Frameworks */,
				F357BA5325AD6D520019D597 /* Resources */,
			);
			buildRules = (
			);
			dependencies = (
			);
			name = Keyboard;
			packageProductDependencies = (
				F355EE3D25DBAED000DECD1C /* MockingKit */,
				F355EE5C25DBC56800DECD1C /* KeyboardKit */,
			);
			productName = Keyboard;
			productReference = F357BA5525AD6D520019D597 /* Keyboard.appex */;
			productType = "com.apple.product-type.app-extension";
		};
/* End PBXNativeTarget section */

/* Begin PBXProject section */
		F357BA3625AD6B030019D597 /* Project object */ = {
			isa = PBXProject;
			attributes = {
				LastSwiftUpdateCheck = 1220;
				LastUpgradeCheck = 1220;
				TargetAttributes = {
					F357BA3D25AD6B040019D597 = {
						CreatedOnToolsVersion = 12.2;
					};
					F357BA5425AD6D520019D597 = {
						CreatedOnToolsVersion = 12.2;
					};
				};
			};
			buildConfigurationList = F357BA3925AD6B040019D597 /* Build configuration list for PBXProject "Bord-iuchrach Gaidhlig" */;
			compatibilityVersion = "Xcode 9.3";
			developmentRegion = en;
			hasScannedForEncodings = 0;
			knownRegions = (
				en,
				Base,
			);
			mainGroup = F357BA3525AD6B030019D597;
			packageReferences = (
				F357BA6325AD6E0E0019D597 /* XCRemoteSwiftPackageReference "KeyboardKit" */,
				F355EE3C25DBAED000DECD1C /* XCRemoteSwiftPackageReference "MockingKit" */,
			);
			productRefGroup = F357BA3F25AD6B040019D597 /* Products */;
			projectDirPath = "";
			projectRoot = "";
			targets = (
				F357BA3D25AD6B040019D597 /* Bord-iuchrach Gaidhlig */,
				F357BA5425AD6D520019D597 /* Keyboard */,
			);
		};
/* End PBXProject section */

/* Begin PBXResourcesBuildPhase section */
		F357BA3C25AD6B040019D597 /* Resources */ = {
			isa = PBXResourcesBuildPhase;
			buildActionMask = 2147483647;
			files = (
				F357BA4925AD6B0B0019D597 /* Preview Assets.xcassets in Resources */,
				F357BA4625AD6B0B0019D597 /* Assets.xcassets in Resources */,
			);
			runOnlyForDeploymentPostprocessing = 0;
		};
		F357BA5325AD6D520019D597 /* Resources */ = {
			isa = PBXResourcesBuildPhase;
			buildActionMask = 2147483647;
			files = (
			);
			runOnlyForDeploymentPostprocessing = 0;
		};
/* End PBXResourcesBuildPhase section */

/* Begin PBXSourcesBuildPhase section */
		F357BA3A25AD6B040019D597 /* Sources */ = {
			isa = PBXSourcesBuildPhase;
			buildActionMask = 2147483647;
			files = (
				F357BA4425AD6B040019D597 /* ContentView.swift in Sources */,
				F357BA4225AD6B040019D597 /* BGApp.swift in Sources */,
			);
			runOnlyForDeploymentPostprocessing = 0;
		};
		F357BA5125AD6D520019D597 /* Sources */ = {
			isa = PBXSourcesBuildPhase;
			buildActionMask = 2147483647;
			files = (
				F36D33F325B588FF00C5BE64 /* BGSystemKeyboardReturnButtonContent.swift in Sources */,
				F3ED261A25B29F18009F4654 /* BGAutocompleteSuggestionProvider.swift in Sources */,
				F355EE4B25DBAF8A00DECD1C /* MockKeyboardContext.swift in Sources */,
				F383245E25AEA4900004A46B /* BGSecondaryCalloutActionProvider.swift in Sources */,
				F383245925AE83180004A46B /* BGKeyboardInputSetProvider.swift in Sources */,
				F357BA5825AD6D530019D597 /* BGKeyboardViewController.swift in Sources */,
				F355EE4F25DBAF8A00DECD1C /* MockDevice.swift in Sources */,
				F3FAFCF325AD9DC100380F77 /* KeyboardContent.swift in Sources */,
				F355EE4D25DBAF8A00DECD1C /* MockCollectionViewLayout.swift in Sources */,
				F355EE4C25DBAF8A00DECD1C /* MockInputViewController.swift in Sources */,
				F355EE4A25DBAF8A00DECD1C /* MockKeyboardInputViewController.swift in Sources */,
				F3ED261425B29E4E009F4654 /* BGKeyboardActionHandler.swift in Sources */,
				F31CA27B25B8197C00486FFA /* BGKeyboardDimensions.swift in Sources */,
				F3ED260625B29CBF009F4654 /* BGKeyboardView.swift in Sources */,
				F355EE4E25DBAF8A00DECD1C /* MockFrequentEmojiProvider.swift in Sources */,
				F355EE5025DBAF8A00DECD1C /* MockKeyboardInputSetProvider.swift in Sources */,
				F36CDC0E25B01285003D0D22 /* BGAutocompleteToolbar.swift in Sources */,
				F355EE5125DBAF8A00DECD1C /* MockKeyboardActionHandler.swift in Sources */,
				F3ED262025B29F70009F4654 /* BGKeyboardAppearanceProvider.swift in Sources */,
			);
			runOnlyForDeploymentPostprocessing = 0;
		};
/* End PBXSourcesBuildPhase section */

/* Begin PBXTargetDependency section */
		F357BA5B25AD6D530019D597 /* PBXTargetDependency */ = {
			isa = PBXTargetDependency;
			target = F357BA5425AD6D520019D597 /* Keyboard */;
			targetProxy = F357BA5A25AD6D530019D597 /* PBXContainerItemProxy */;
		};
/* End PBXTargetDependency section */

/* Begin XCBuildConfiguration section */
		F357BA4B25AD6B0B0019D597 /* Debug */ = {
			isa = XCBuildConfiguration;
			buildSettings = {
				ALWAYS_SEARCH_USER_PATHS = NO;
				CLANG_ANALYZER_NONNULL = YES;
				CLANG_ANALYZER_NUMBER_OBJECT_CONVERSION = YES_AGGRESSIVE;
				CLANG_CXX_LANGUAGE_STANDARD = "gnu++14";
				CLANG_CXX_LIBRARY = "libc++";
				CLANG_ENABLE_MODULES = YES;
				CLANG_ENABLE_OBJC_ARC = YES;
				CLANG_ENABLE_OBJC_WEAK = YES;
				CLANG_WARN_BLOCK_CAPTURE_AUTORELEASING = YES;
				CLANG_WARN_BOOL_CONVERSION = YES;
				CLANG_WARN_COMMA = YES;
				CLANG_WARN_CONSTANT_CONVERSION = YES;
				CLANG_WARN_DEPRECATED_OBJC_IMPLEMENTATIONS = YES;
				CLANG_WARN_DIRECT_OBJC_ISA_USAGE = YES_ERROR;
				CLANG_WARN_DOCUMENTATION_COMMENTS = YES;
				CLANG_WARN_EMPTY_BODY = YES;
				CLANG_WARN_ENUM_CONVERSION = YES;
				CLANG_WARN_INFINITE_RECURSION = YES;
				CLANG_WARN_INT_CONVERSION = YES;
				CLANG_WARN_NON_LITERAL_NULL_CONVERSION = YES;
				CLANG_WARN_OBJC_IMPLICIT_RETAIN_SELF = YES;
				CLANG_WARN_OBJC_LITERAL_CONVERSION = YES;
				CLANG_WARN_OBJC_ROOT_CLASS = YES_ERROR;
				CLANG_WARN_QUOTED_INCLUDE_IN_FRAMEWORK_HEADER = YES;
				CLANG_WARN_RANGE_LOOP_ANALYSIS = YES;
				CLANG_WARN_STRICT_PROTOTYPES = YES;
				CLANG_WARN_SUSPICIOUS_MOVE = YES;
				CLANG_WARN_UNGUARDED_AVAILABILITY = YES_AGGRESSIVE;
				CLANG_WARN_UNREACHABLE_CODE = YES;
				CLANG_WARN__DUPLICATE_METHOD_MATCH = YES;
				COPY_PHASE_STRIP = NO;
				DEBUG_INFORMATION_FORMAT = dwarf;
				ENABLE_STRICT_OBJC_MSGSEND = YES;
				ENABLE_TESTABILITY = YES;
				GCC_C_LANGUAGE_STANDARD = gnu11;
				GCC_DYNAMIC_NO_PIC = NO;
				GCC_NO_COMMON_BLOCKS = YES;
				GCC_OPTIMIZATION_LEVEL = 0;
				GCC_PREPROCESSOR_DEFINITIONS = (
					"DEBUG=1",
					"$(inherited)",
				);
				GCC_WARN_64_TO_32_BIT_CONVERSION = YES;
				GCC_WARN_ABOUT_RETURN_TYPE = YES_ERROR;
				GCC_WARN_UNDECLARED_SELECTOR = YES;
				GCC_WARN_UNINITIALIZED_AUTOS = YES_AGGRESSIVE;
				GCC_WARN_UNUSED_FUNCTION = YES;
				GCC_WARN_UNUSED_VARIABLE = YES;
				IPHONEOS_DEPLOYMENT_TARGET = 14.0;
				MTL_ENABLE_DEBUG_INFO = INCLUDE_SOURCE;
				MTL_FAST_MATH = YES;
				ONLY_ACTIVE_ARCH = YES;
				SDKROOT = iphoneos;
				SWIFT_ACTIVE_COMPILATION_CONDITIONS = DEBUG;
				SWIFT_OPTIMIZATION_LEVEL = "-Onone";
			};
			name = Debug;
		};
		F357BA4C25AD6B0B0019D597 /* Release */ = {
			isa = XCBuildConfiguration;
			buildSettings = {
				ALWAYS_SEARCH_USER_PATHS = NO;
				CLANG_ANALYZER_NONNULL = YES;
				CLANG_ANALYZER_NUMBER_OBJECT_CONVERSION = YES_AGGRESSIVE;
				CLANG_CXX_LANGUAGE_STANDARD = "gnu++14";
				CLANG_CXX_LIBRARY = "libc++";
				CLANG_ENABLE_MODULES = YES;
				CLANG_ENABLE_OBJC_ARC = YES;
				CLANG_ENABLE_OBJC_WEAK = YES;
				CLANG_WARN_BLOCK_CAPTURE_AUTORELEASING = YES;
				CLANG_WARN_BOOL_CONVERSION = YES;
				CLANG_WARN_COMMA = YES;
				CLANG_WARN_CONSTANT_CONVERSION = YES;
				CLANG_WARN_DEPRECATED_OBJC_IMPLEMENTATIONS = YES;
				CLANG_WARN_DIRECT_OBJC_ISA_USAGE = YES_ERROR;
				CLANG_WARN_DOCUMENTATION_COMMENTS = YES;
				CLANG_WARN_EMPTY_BODY = YES;
				CLANG_WARN_ENUM_CONVERSION = YES;
				CLANG_WARN_INFINITE_RECURSION = YES;
				CLANG_WARN_INT_CONVERSION = YES;
				CLANG_WARN_NON_LITERAL_NULL_CONVERSION = YES;
				CLANG_WARN_OBJC_IMPLICIT_RETAIN_SELF = YES;
				CLANG_WARN_OBJC_LITERAL_CONVERSION = YES;
				CLANG_WARN_OBJC_ROOT_CLASS = YES_ERROR;
				CLANG_WARN_QUOTED_INCLUDE_IN_FRAMEWORK_HEADER = YES;
				CLANG_WARN_RANGE_LOOP_ANALYSIS = YES;
				CLANG_WARN_STRICT_PROTOTYPES = YES;
				CLANG_WARN_SUSPICIOUS_MOVE = YES;
				CLANG_WARN_UNGUARDED_AVAILABILITY = YES_AGGRESSIVE;
				CLANG_WARN_UNREACHABLE_CODE = YES;
				CLANG_WARN__DUPLICATE_METHOD_MATCH = YES;
				COPY_PHASE_STRIP = NO;
				DEBUG_INFORMATION_FORMAT = "dwarf-with-dsym";
				ENABLE_NS_ASSERTIONS = NO;
				ENABLE_STRICT_OBJC_MSGSEND = YES;
				GCC_C_LANGUAGE_STANDARD = gnu11;
				GCC_NO_COMMON_BLOCKS = YES;
				GCC_WARN_64_TO_32_BIT_CONVERSION = YES;
				GCC_WARN_ABOUT_RETURN_TYPE = YES_ERROR;
				GCC_WARN_UNDECLARED_SELECTOR = YES;
				GCC_WARN_UNINITIALIZED_AUTOS = YES_AGGRESSIVE;
				GCC_WARN_UNUSED_FUNCTION = YES;
				GCC_WARN_UNUSED_VARIABLE = YES;
				IPHONEOS_DEPLOYMENT_TARGET = 14.0;
				MTL_ENABLE_DEBUG_INFO = NO;
				MTL_FAST_MATH = YES;
				SDKROOT = iphoneos;
				SWIFT_COMPILATION_MODE = wholemodule;
				SWIFT_OPTIMIZATION_LEVEL = "-O";
				VALIDATE_PRODUCT = YES;
			};
			name = Release;
		};
		F357BA4E25AD6B0B0019D597 /* Debug */ = {
			isa = XCBuildConfiguration;
			buildSettings = {
				ALWAYS_EMBED_SWIFT_STANDARD_LIBRARIES = YES;
				ASSETCATALOG_COMPILER_APPICON_NAME = AppIcon;
				ASSETCATALOG_COMPILER_GLOBAL_ACCENT_COLOR_NAME = AccentColor;
				CODE_SIGN_STYLE = Automatic;
				DEVELOPMENT_ASSET_PATHS = "\"Bord-iuchrach Gaidhlig/Preview Content\"";
				DEVELOPMENT_TEAM = XH437MA6D9;
				ENABLE_PREVIEWS = YES;
				INFOPLIST_FILE = "Bord-iuchrach Gaidhlig/Info.plist";
				IPHONEOS_DEPLOYMENT_TARGET = 14.0;
				LD_RUNPATH_SEARCH_PATHS = (
					"$(inherited)",
					"@executable_path/Frameworks",
				);
				PRODUCT_BUNDLE_IDENTIFIER = "com.brennanium.Bord-iuchrach-Gaidhlig";
				PRODUCT_NAME = "$(TARGET_NAME)";
				SWIFT_VERSION = 5.0;
				TARGETED_DEVICE_FAMILY = "1,2";
			};
			name = Debug;
		};
		F357BA4F25AD6B0B0019D597 /* Release */ = {
			isa = XCBuildConfiguration;
			buildSettings = {
				ALWAYS_EMBED_SWIFT_STANDARD_LIBRARIES = YES;
				ASSETCATALOG_COMPILER_APPICON_NAME = AppIcon;
				ASSETCATALOG_COMPILER_GLOBAL_ACCENT_COLOR_NAME = AccentColor;
				CODE_SIGN_STYLE = Automatic;
				DEVELOPMENT_ASSET_PATHS = "\"Bord-iuchrach Gaidhlig/Preview Content\"";
				DEVELOPMENT_TEAM = XH437MA6D9;
				ENABLE_PREVIEWS = YES;
				INFOPLIST_FILE = "Bord-iuchrach Gaidhlig/Info.plist";
				IPHONEOS_DEPLOYMENT_TARGET = 14.0;
				LD_RUNPATH_SEARCH_PATHS = (
					"$(inherited)",
					"@executable_path/Frameworks",
				);
				PRODUCT_BUNDLE_IDENTIFIER = "com.brennanium.Bord-iuchrach-Gaidhlig";
				PRODUCT_NAME = "$(TARGET_NAME)";
				SWIFT_VERSION = 5.0;
				TARGETED_DEVICE_FAMILY = "1,2";
			};
			name = Release;
		};
		F357BA5E25AD6D530019D597 /* Debug */ = {
			isa = XCBuildConfiguration;
			buildSettings = {
				CODE_SIGN_STYLE = Automatic;
				DEVELOPMENT_TEAM = XH437MA6D9;
				INFOPLIST_FILE = Keyboard/Info.plist;
				IPHONEOS_DEPLOYMENT_TARGET = 14.0;
				LD_RUNPATH_SEARCH_PATHS = (
					"$(inherited)",
					"@executable_path/Frameworks",
					"@executable_path/../../Frameworks",
				);
				PRODUCT_BUNDLE_IDENTIFIER = "com.brennanium.Bord-iuchrach-Gaidhlig.Keyboard";
				PRODUCT_NAME = "$(TARGET_NAME)";
				SKIP_INSTALL = YES;
				SWIFT_VERSION = 5.0;
				TARGETED_DEVICE_FAMILY = "1,2";
			};
			name = Debug;
		};
		F357BA5F25AD6D530019D597 /* Release */ = {
			isa = XCBuildConfiguration;
			buildSettings = {
				CODE_SIGN_STYLE = Automatic;
				DEVELOPMENT_TEAM = XH437MA6D9;
				INFOPLIST_FILE = Keyboard/Info.plist;
				IPHONEOS_DEPLOYMENT_TARGET = 14.0;
				LD_RUNPATH_SEARCH_PATHS = (
					"$(inherited)",
					"@executable_path/Frameworks",
					"@executable_path/../../Frameworks",
				);
				PRODUCT_BUNDLE_IDENTIFIER = "com.brennanium.Bord-iuchrach-Gaidhlig.Keyboard";
				PRODUCT_NAME = "$(TARGET_NAME)";
				SKIP_INSTALL = YES;
				SWIFT_VERSION = 5.0;
				TARGETED_DEVICE_FAMILY = "1,2";
			};
			name = Release;
		};
/* End XCBuildConfiguration section */

/* Begin XCConfigurationList section */
		F357BA3925AD6B040019D597 /* Build configuration list for PBXProject "Bord-iuchrach Gaidhlig" */ = {
			isa = XCConfigurationList;
			buildConfigurations = (
				F357BA4B25AD6B0B0019D597 /* Debug */,
				F357BA4C25AD6B0B0019D597 /* Release */,
			);
			defaultConfigurationIsVisible = 0;
			defaultConfigurationName = Release;
		};
		F357BA4D25AD6B0B0019D597 /* Build configuration list for PBXNativeTarget "Bord-iuchrach Gaidhlig" */ = {
			isa = XCConfigurationList;
			buildConfigurations = (
				F357BA4E25AD6B0B0019D597 /* Debug */,
				F357BA4F25AD6B0B0019D597 /* Release */,
			);
			defaultConfigurationIsVisible = 0;
			defaultConfigurationName = Release;
		};
		F357BA5D25AD6D530019D597 /* Build configuration list for PBXNativeTarget "Keyboard" */ = {
			isa = XCConfigurationList;
			buildConfigurations = (
				F357BA5E25AD6D530019D597 /* Debug */,
				F357BA5F25AD6D530019D597 /* Release */,
			);
			defaultConfigurationIsVisible = 0;
			defaultConfigurationName = Release;
		};
/* End XCConfigurationList section */

/* Begin XCRemoteSwiftPackageReference section */
		F355EE3C25DBAED000DECD1C /* XCRemoteSwiftPackageReference "MockingKit" */ = {
			isa = XCRemoteSwiftPackageReference;
			repositoryURL = "https://github.com/danielsaidi/MockingKit.git";
			requirement = {
				branch = master;
				kind = branch;
			};
		};
		F357BA6325AD6E0E0019D597 /* XCRemoteSwiftPackageReference "KeyboardKit" */ = {
			isa = XCRemoteSwiftPackageReference;
			repositoryURL = "https://github.com/danielsaidi/KeyboardKit.git";
			requirement = {
				branch = v4.0;
				kind = branch;
			};
		};
/* End XCRemoteSwiftPackageReference section */

/* Begin XCSwiftPackageProductDependency section */
		F355EE3D25DBAED000DECD1C /* MockingKit */ = {
			isa = XCSwiftPackageProductDependency;
			package = F355EE3C25DBAED000DECD1C /* XCRemoteSwiftPackageReference "MockingKit" */;
			productName = MockingKit;
		};
		F355EE5C25DBC56800DECD1C /* KeyboardKit */ = {
			isa = XCSwiftPackageProductDependency;
			package = F357BA6325AD6E0E0019D597 /* XCRemoteSwiftPackageReference "KeyboardKit" */;
			productName = KeyboardKit;
		};
		F357BAAB25AD77620019D597 /* KeyboardKit */ = {
			isa = XCSwiftPackageProductDependency;
			package = F357BA6325AD6E0E0019D597 /* XCRemoteSwiftPackageReference "KeyboardKit" */;
			productName = KeyboardKit;
		};
/* End XCSwiftPackageProductDependency section */
	};
	rootObject = F357BA3625AD6B030019D597 /* Project object */;
}
