{
  "object": {
    "pins": [
      {
        "package": "KeyboardKit",
        "repositoryURL": "https://github.com/danielsaidi/KeyboardKit.git",
        "state": {
          "branch": "v4.0",
          "revision": "a594d95fe094bdb8d13eb584e635d5b52ac02117",
          "version": null
        }
      },
      {
        "package": "MockingKit",
        "repositoryURL": "https://github.com/danielsaidi/MockingKit.git",
        "state": {
          "branch": "master",
          "revision": "a94844354fe3a574bb770e9c304839b1f4c8f64d",
          "version": null
        }
      }
    ]
  },
  "version": 1
}
